
Microsoft Visual Studio Solution File, Format Version 12.00
# Visual Studio Version 16
VisualStudioVersion = 16.0.30204.135
MinimumVisualStudioVersion = 10.0.40219.1
Project("{8BC9CEB8-8B4A-11D0-8D11-00A0C91BC942}") = "BytecodeMachine", "BytecodeMachine\BytecodeMachine.vcxproj", "{CBD5C594-C3A6-4755-915F-4E5A66F1830C}"
EndProject
Global
	GlobalSection(SolutionConfigurationPlatforms) = preSolution
		Debug|x64 = Debug|x64
		Debug|x86 = Debug|x86
		Release|x64 = Release|x64
		Release|x86 = Release|x86
	EndGlobalSection
	GlobalSection(ProjectConfigurationPlatforms) = postSolution
		{CBD5C594-C3A6-4755-915F-4E5A66F1830C}.Debug|x64.ActiveCfg = Debug|x64
		{CBD5C594-C3A6-4755-915F-4E5A66F1830C}.Debug|x64.Build.0 = Debug|x64
		{CBD5C594-C3A6-4755-915F-4E5A66F1830C}.Debug|x86.ActiveCfg = Debug|Win32
		{CBD5C594-C3A6-4755-915F-4E5A66F1830C}.Debug|x86.Build.0 = Debug|Win32
		{CBD5C594-C3A6-4755-915F-4E5A66F1830C}.Release|x64.ActiveCfg = Release|x64
		{CBD5C594-C3A6-4755-915F-4E5A66F1830C}.Release|x64.Build.0 = Release|x64
		{CBD5C594-C3A6-4755-915F-4E5A66F1830C}.Release|x86.ActiveCfg = Release|Win32
		{CBD5C594-C3A6-4755-915F-4E5A66F1830C}.Release|x86.Build.0 = Release|Win32
	EndGlobalSection
	GlobalSection(SolutionProperties) = preSolution
		HideSolutionNode = FALSE
	EndGlobalSection
	GlobalSection(ExtensibilityGlobals) = postSolution
		SolutionGuid = {CEFED96C-F41F-4BD2-9AC7-609FBFC33D9B}
	EndGlobalSection
EndGlobal
